
Microsoft Visual Studio Solution File, Format Version 12.00
# Visual Studio Version 17
VisualStudioVersion = 17.10.35122.118
MinimumVisualStudioVersion = 10.0.40219.1
Project("{FAE04EC0-301F-11D3-BF4B-00C04F79EFBC}") = "ToDoList", "ToDoList\ToDoList.csproj", "{6EF59B34-8093-48FC-AC43-435258F69ECC}"
EndProject
Project("{FAE04EC0-301F-11D3-BF4B-00C04F79EFBC}") = "ToDoList.Data", "ToDoList.Data\ToDoList.Data.csproj", "{C8019FE6-5A60-4E21-99DC-53C720A53DF3}"
EndProject
Project("{FAE04EC0-301F-11D3-BF4B-00C04F79EFBC}") = "ToDoList.Model", "ToDoList.Model\ToDoList.Model.csproj", "{D558B374-7C72-492B-9176-62CE252155E6}"
EndProject
Global
	GlobalSection(SolutionConfigurationPlatforms) = preSolution
		Debug|Any CPU = Debug|Any CPU
		Release|Any CPU = Release|Any CPU
	EndGlobalSection
	GlobalSection(ProjectConfigurationPlatforms) = postSolution
		{6EF59B34-8093-48FC-AC43-435258F69ECC}.Debug|Any CPU.ActiveCfg = Debug|Any CPU
		{6EF59B34-8093-48FC-AC43-435258F69ECC}.Debug|Any CPU.Build.0 = Debug|Any CPU
		{6EF59B34-8093-48FC-AC43-435258F69ECC}.Release|Any CPU.ActiveCfg = Release|Any CPU
		{6EF59B34-8093-48FC-AC43-435258F69ECC}.Release|Any CPU.Build.0 = Release|Any CPU
		{C8019FE6-5A60-4E21-99DC-53C720A53DF3}.Debug|Any CPU.ActiveCfg = Debug|Any CPU
		{C8019FE6-5A60-4E21-99DC-53C720A53DF3}.Debug|Any CPU.Build.0 = Debug|Any CPU
		{C8019FE6-5A60-4E21-99DC-53C720A53DF3}.Release|Any CPU.ActiveCfg = Release|Any CPU
		{C8019FE6-5A60-4E21-99DC-53C720A53DF3}.Release|Any CPU.Build.0 = Release|Any CPU
		{D558B374-7C72-492B-9176-62CE252155E6}.Debug|Any CPU.ActiveCfg = Debug|Any CPU
		{D558B374-7C72-492B-9176-62CE252155E6}.Debug|Any CPU.Build.0 = Debug|Any CPU
		{D558B374-7C72-492B-9176-62CE252155E6}.Release|Any CPU.ActiveCfg = Release|Any CPU
		{D558B374-7C72-492B-9176-62CE252155E6}.Release|Any CPU.Build.0 = Release|Any CPU
	EndGlobalSection
	GlobalSection(SolutionProperties) = preSolution
		HideSolutionNode = FALSE
	EndGlobalSection
	GlobalSection(ExtensibilityGlobals) = postSolution
		SolutionGuid = {88BC7DE8-3DBC-4E0B-9591-A3B69214D22D}
	EndGlobalSection
EndGlobal
